
Microsoft Visual Studio Solution File, Format Version 12.00
# Visual Studio Version 17
VisualStudioVersion = 17.1.32328.378
MinimumVisualStudioVersion = 10.0.40219.1
Project("{FAE04EC0-301F-11D3-BF4B-00C04F79EFBC}") = "login", "login\login.csproj", "{886B58B4-061E-418C-8ACC-6A9ED969EC98}"
EndProject
Global
	GlobalSection(SolutionConfigurationPlatforms) = preSolution
		Debug|Any CPU = Debug|Any CPU
		Release|Any CPU = Release|Any CPU
	EndGlobalSection
	GlobalSection(ProjectConfigurationPlatforms) = postSolution
		{886B58B4-061E-418C-8ACC-6A9ED969EC98}.Debug|Any CPU.ActiveCfg = Debug|Any CPU
		{886B58B4-061E-418C-8ACC-6A9ED969EC98}.Debug|Any CPU.Build.0 = Debug|Any CPU
		{886B58B4-061E-418C-8ACC-6A9ED969EC98}.Release|Any CPU.ActiveCfg = Release|Any CPU
		{886B58B4-061E-418C-8ACC-6A9ED969EC98}.Release|Any CPU.Build.0 = Release|Any CPU
	EndGlobalSection
	GlobalSection(SolutionProperties) = preSolution
		HideSolutionNode = FALSE
	EndGlobalSection
	GlobalSection(ExtensibilityGlobals) = postSolution
		SolutionGuid = {17316441-C741-4F64-BBA8-877DF9B551AB}
	EndGlobalSection
EndGlobal
